// !$*UTF8*$!
{
	archiveVersion = 1;
	classes = {
	};
	objectVersion = 56;
	objects = {

/* Begin PBXBuildFile section */
		FA1949AD2970988B00609E2B /* FeedCacheTestHelpers.swift in Sources */ = {isa = PBXBuildFile; fileRef = FA1949AC2970988B00609E2B /* FeedCacheTestHelpers.swift */; };
		FA25C43C2971CFF700DFA9DF /* CodableFeedStore.swift in Sources */ = {isa = PBXBuildFile; fileRef = FA25C43B2971CFF700DFA9DF /* CodableFeedStore.swift */; };
		FA293269296F0C0D00B2F9D7 /* LocalFeedLoader.swift in Sources */ = {isa = PBXBuildFile; fileRef = FA293268296F0C0D00B2F9D7 /* LocalFeedLoader.swift */; };
		FA29326B296F0C2000B2F9D7 /* FeedStore.swift in Sources */ = {isa = PBXBuildFile; fileRef = FA29326A296F0C2000B2F9D7 /* FeedStore.swift */; };
		FA29326D296F21A200B2F9D7 /* RemoteFeedItem.swift in Sources */ = {isa = PBXBuildFile; fileRef = FA29326C296F21A200B2F9D7 /* RemoteFeedItem.swift */; };
		FA29326F296F21FD00B2F9D7 /* LocalFeedImage.swift in Sources */ = {isa = PBXBuildFile; fileRef = FA29326E296F21FD00B2F9D7 /* LocalFeedImage.swift */; };
		FA60802F29717F9300F22F9F /* CodableFeedStoreTests.swift in Sources */ = {isa = PBXBuildFile; fileRef = FA60802E29717F9300F22F9F /* CodableFeedStoreTests.swift */; };
		FA70FCF82975DA3400B91288 /* FeedStoreSpecs.swift in Sources */ = {isa = PBXBuildFile; fileRef = FA70FCF72975DA3400B91288 /* FeedStoreSpecs.swift */; };
		FA70FCFA2975DBBA00B91288 /* XCTestCase+FeedStoreSpecs.swift in Sources */ = {isa = PBXBuildFile; fileRef = FA70FCF92975DBBA00B91288 /* XCTestCase+FeedStoreSpecs.swift */; };
		FA70FCFC29767F0200B91288 /* CoreDataFeedStoreTests.swift in Sources */ = {isa = PBXBuildFile; fileRef = FA70FCFB29767F0200B91288 /* CoreDataFeedStoreTests.swift */; };
		FA70FCFE2976819600B91288 /* CoreDataFeedStore.swift in Sources */ = {isa = PBXBuildFile; fileRef = FA70FCFD2976819600B91288 /* CoreDataFeedStore.swift */; };
		FA70FD002976929300B91288 /* ManagedCache.swift in Sources */ = {isa = PBXBuildFile; fileRef = FA70FCFF2976929300B91288 /* ManagedCache.swift */; };
		FA70FD02297692C000B91288 /* ManagedFeedImage.swift in Sources */ = {isa = PBXBuildFile; fileRef = FA70FD01297692C000B91288 /* ManagedFeedImage.swift */; };
		FA70FD082976930200B91288 /* FeedStore.xcdatamodeld in Sources */ = {isa = PBXBuildFile; fileRef = FA70FD052976930200B91288 /* FeedStore.xcdatamodeld */; };
		FA70FD0A297694F400B91288 /* CoreDataHelpers.swift in Sources */ = {isa = PBXBuildFile; fileRef = FA70FD09297694F400B91288 /* CoreDataHelpers.swift */; };
		FA96B38029702056009578A0 /* LoadFeedFromCacheUseCaseTests.swift in Sources */ = {isa = PBXBuildFile; fileRef = FA96B37F29702056009578A0 /* LoadFeedFromCacheUseCaseTests.swift */; };
		FA96B386297022CC009578A0 /* FeedStoreSpy.swift in Sources */ = {isa = PBXBuildFile; fileRef = FA96B385297022CC009578A0 /* FeedStoreSpy.swift */; };
		FA96B388297070AE009578A0 /* ValidateCacheUseCaseTests.swift in Sources */ = {isa = PBXBuildFile; fileRef = FA96B387297070AE009578A0 /* ValidateCacheUseCaseTests.swift */; };
		FA9A875A2971630700CA2602 /* FeedCachePolicy.swift in Sources */ = {isa = PBXBuildFile; fileRef = FA9A87592971630700CA2602 /* FeedCachePolicy.swift */; };
		FAA67FCF2976A1D4002BAC6D /* EDFeedCacheIntegrationTests.swift in Sources */ = {isa = PBXBuildFile; fileRef = FAA67FCE2976A1D4002BAC6D /* EDFeedCacheIntegrationTests.swift */; };
		FAAE98612969B587005FECEE /* FeedItemsMapper.swift in Sources */ = {isa = PBXBuildFile; fileRef = FAAE98602969B587005FECEE /* FeedItemsMapper.swift */; };
		FAAE98642969B9F0005FECEE /* XCTestCase+MemoryLeakTracking.swift in Sources */ = {isa = PBXBuildFile; fileRef = FAAE98622969B9DB005FECEE /* XCTestCase+MemoryLeakTracking.swift */; };
		FAAE9868296B10B4005FECEE /* URLSessionHTTPClientTests.swift in Sources */ = {isa = PBXBuildFile; fileRef = FAAE9867296B10B4005FECEE /* URLSessionHTTPClientTests.swift */; };
		FAAE986A296BDE73005FECEE /* SharedTestHelpers.swift in Sources */ = {isa = PBXBuildFile; fileRef = FAAE9869296BDE73005FECEE /* SharedTestHelpers.swift */; };
		FAAE986C296BEF75005FECEE /* URLSessionHTTPClient.swift in Sources */ = {isa = PBXBuildFile; fileRef = FAAE986B296BEF75005FECEE /* URLSessionHTTPClient.swift */; };
		FAAE9874296BFB8E005FECEE /* EDFeedAPIEndToEndTests.swift in Sources */ = {isa = PBXBuildFile; fileRef = FAAE9873296BFB8E005FECEE /* EDFeedAPIEndToEndTests.swift */; };
		FAAE9878296C04E6005FECEE /* XCTestCase+MemoryLeakTracking.swift in Sources */ = {isa = PBXBuildFile; fileRef = FAAE98622969B9DB005FECEE /* XCTestCase+MemoryLeakTracking.swift */; };
		FAC5517C296EE202008DDF26 /* CacheFeedUseCaseTests.swift in Sources */ = {isa = PBXBuildFile; fileRef = FAC5517B296EE202008DDF26 /* CacheFeedUseCaseTests.swift */; };
		FAD791BB29646B7200901733 /* EDFeed.framework in Frameworks */ = {isa = PBXBuildFile; fileRef = FAD791B229646B7200901733 /* EDFeed.framework */; };
		FAD791C129646B7200901733 /* EDFeed.h in Headers */ = {isa = PBXBuildFile; fileRef = FAD791B529646B7200901733 /* EDFeed.h */; settings = {ATTRIBUTES = (Public, ); }; };
		FAD791CF29646BB100901733 /* FeedLoader.swift in Sources */ = {isa = PBXBuildFile; fileRef = FAD791CD29646BB100901733 /* FeedLoader.swift */; };
		FAD791D029646BB100901733 /* FeedItem.swift in Sources */ = {isa = PBXBuildFile; fileRef = FAD791CE29646BB100901733 /* FeedItem.swift */; };
		FAD791D42965C36E00901733 /* LoadFeedDataFromRemoteUseCaseTests.swift in Sources */ = {isa = PBXBuildFile; fileRef = FAD791D32965C36E00901733 /* LoadFeedDataFromRemoteUseCaseTests.swift */; };
		FAD791D72967ADA100901733 /* RemoteFeedLoader.swift in Sources */ = {isa = PBXBuildFile; fileRef = FAD791D62967ADA100901733 /* RemoteFeedLoader.swift */; };
		FAD791D92967ADAD00901733 /* HTTPClient.swift in Sources */ = {isa = PBXBuildFile; fileRef = FAD791D82967ADAD00901733 /* HTTPClient.swift */; };
/* End PBXBuildFile section */

/* Begin PBXContainerItemProxy section */
		FAD791BC29646B7200901733 /* PBXContainerItemProxy */ = {
			isa = PBXContainerItemProxy;
			containerPortal = FAD791A929646B7200901733 /* Project object */;
			proxyType = 1;
			remoteGlobalIDString = FAD791B129646B7200901733;
			remoteInfo = EDFeed;
		};
/* End PBXContainerItemProxy section */

/* Begin PBXFileReference section */
		FA1949AC2970988B00609E2B /* FeedCacheTestHelpers.swift */ = {isa = PBXFileReference; lastKnownFileType = sourcecode.swift; path = FeedCacheTestHelpers.swift; sourceTree = "<group>"; };
		FA25C43B2971CFF700DFA9DF /* CodableFeedStore.swift */ = {isa = PBXFileReference; lastKnownFileType = sourcecode.swift; path = CodableFeedStore.swift; sourceTree = "<group>"; };
		FA293268296F0C0D00B2F9D7 /* LocalFeedLoader.swift */ = {isa = PBXFileReference; lastKnownFileType = sourcecode.swift; path = LocalFeedLoader.swift; sourceTree = "<group>"; };
		FA29326A296F0C2000B2F9D7 /* FeedStore.swift */ = {isa = PBXFileReference; lastKnownFileType = sourcecode.swift; path = FeedStore.swift; sourceTree = "<group>"; };
		FA29326C296F21A200B2F9D7 /* RemoteFeedItem.swift */ = {isa = PBXFileReference; lastKnownFileType = sourcecode.swift; path = RemoteFeedItem.swift; sourceTree = "<group>"; };
		FA29326E296F21FD00B2F9D7 /* LocalFeedImage.swift */ = {isa = PBXFileReference; lastKnownFileType = sourcecode.swift; path = LocalFeedImage.swift; sourceTree = "<group>"; };
		FA60802E29717F9300F22F9F /* CodableFeedStoreTests.swift */ = {isa = PBXFileReference; lastKnownFileType = sourcecode.swift; path = CodableFeedStoreTests.swift; sourceTree = "<group>"; };
		FA70FCF72975DA3400B91288 /* FeedStoreSpecs.swift */ = {isa = PBXFileReference; lastKnownFileType = sourcecode.swift; path = FeedStoreSpecs.swift; sourceTree = "<group>"; };
		FA70FCF92975DBBA00B91288 /* XCTestCase+FeedStoreSpecs.swift */ = {isa = PBXFileReference; lastKnownFileType = sourcecode.swift; path = "XCTestCase+FeedStoreSpecs.swift"; sourceTree = "<group>"; };
		FA70FCFB29767F0200B91288 /* CoreDataFeedStoreTests.swift */ = {isa = PBXFileReference; lastKnownFileType = sourcecode.swift; path = CoreDataFeedStoreTests.swift; sourceTree = "<group>"; };
		FA70FCFD2976819600B91288 /* CoreDataFeedStore.swift */ = {isa = PBXFileReference; lastKnownFileType = sourcecode.swift; path = CoreDataFeedStore.swift; sourceTree = "<group>"; };
		FA70FCFF2976929300B91288 /* ManagedCache.swift */ = {isa = PBXFileReference; lastKnownFileType = sourcecode.swift; path = ManagedCache.swift; sourceTree = "<group>"; };
		FA70FD01297692C000B91288 /* ManagedFeedImage.swift */ = {isa = PBXFileReference; lastKnownFileType = sourcecode.swift; path = ManagedFeedImage.swift; sourceTree = "<group>"; };
		FA70FD062976930200B91288 /* FeedStore 2.xcdatamodel */ = {isa = PBXFileReference; lastKnownFileType = wrapper.xcdatamodel; path = "FeedStore 2.xcdatamodel"; sourceTree = "<group>"; };
		FA70FD072976930200B91288 /* FeedStore.xcdatamodel */ = {isa = PBXFileReference; lastKnownFileType = wrapper.xcdatamodel; path = FeedStore.xcdatamodel; sourceTree = "<group>"; };
		FA70FD09297694F400B91288 /* CoreDataHelpers.swift */ = {isa = PBXFileReference; lastKnownFileType = sourcecode.swift; path = CoreDataHelpers.swift; sourceTree = "<group>"; };
		FA96B37F29702056009578A0 /* LoadFeedFromCacheUseCaseTests.swift */ = {isa = PBXFileReference; lastKnownFileType = sourcecode.swift; path = LoadFeedFromCacheUseCaseTests.swift; sourceTree = "<group>"; };
		FA96B385297022CC009578A0 /* FeedStoreSpy.swift */ = {isa = PBXFileReference; lastKnownFileType = sourcecode.swift; path = FeedStoreSpy.swift; sourceTree = "<group>"; };
		FA96B387297070AE009578A0 /* ValidateCacheUseCaseTests.swift */ = {isa = PBXFileReference; lastKnownFileType = sourcecode.swift; path = ValidateCacheUseCaseTests.swift; sourceTree = "<group>"; };
		FA9A87592971630700CA2602 /* FeedCachePolicy.swift */ = {isa = PBXFileReference; lastKnownFileType = sourcecode.swift; path = FeedCachePolicy.swift; sourceTree = "<group>"; };
		FAA67FCC2976A1D4002BAC6D /* EDFeedCacheIntegrationTests.xctest */ = {isa = PBXFileReference; explicitFileType = wrapper.cfbundle; includeInIndex = 0; path = EDFeedCacheIntegrationTests.xctest; sourceTree = BUILT_PRODUCTS_DIR; };
		FAA67FCE2976A1D4002BAC6D /* EDFeedCacheIntegrationTests.swift */ = {isa = PBXFileReference; lastKnownFileType = sourcecode.swift; path = EDFeedCacheIntegrationTests.swift; sourceTree = "<group>"; };
		FAAE98602969B587005FECEE /* FeedItemsMapper.swift */ = {isa = PBXFileReference; lastKnownFileType = sourcecode.swift; path = FeedItemsMapper.swift; sourceTree = "<group>"; };
		FAAE98622969B9DB005FECEE /* XCTestCase+MemoryLeakTracking.swift */ = {isa = PBXFileReference; lastKnownFileType = sourcecode.swift; path = "XCTestCase+MemoryLeakTracking.swift"; sourceTree = "<group>"; };
		FAAE9867296B10B4005FECEE /* URLSessionHTTPClientTests.swift */ = {isa = PBXFileReference; lastKnownFileType = sourcecode.swift; path = URLSessionHTTPClientTests.swift; sourceTree = "<group>"; };
		FAAE9869296BDE73005FECEE /* SharedTestHelpers.swift */ = {isa = PBXFileReference; lastKnownFileType = sourcecode.swift; path = SharedTestHelpers.swift; sourceTree = "<group>"; };
		FAAE986B296BEF75005FECEE /* URLSessionHTTPClient.swift */ = {isa = PBXFileReference; lastKnownFileType = sourcecode.swift; path = URLSessionHTTPClient.swift; sourceTree = "<group>"; };
		FAAE9871296BFB8E005FECEE /* EDFeedAPIEndToEndTests.xctest */ = {isa = PBXFileReference; explicitFileType = wrapper.cfbundle; includeInIndex = 0; path = EDFeedAPIEndToEndTests.xctest; sourceTree = BUILT_PRODUCTS_DIR; };
		FAAE9873296BFB8E005FECEE /* EDFeedAPIEndToEndTests.swift */ = {isa = PBXFileReference; lastKnownFileType = sourcecode.swift; path = EDFeedAPIEndToEndTests.swift; sourceTree = "<group>"; };
		FAC5517B296EE202008DDF26 /* CacheFeedUseCaseTests.swift */ = {isa = PBXFileReference; lastKnownFileType = sourcecode.swift; path = CacheFeedUseCaseTests.swift; sourceTree = "<group>"; };
		FAD791B229646B7200901733 /* EDFeed.framework */ = {isa = PBXFileReference; explicitFileType = wrapper.framework; includeInIndex = 0; path = EDFeed.framework; sourceTree = BUILT_PRODUCTS_DIR; };
		FAD791B529646B7200901733 /* EDFeed.h */ = {isa = PBXFileReference; lastKnownFileType = sourcecode.c.h; path = EDFeed.h; sourceTree = "<group>"; };
		FAD791BA29646B7200901733 /* EDFeedTests.xctest */ = {isa = PBXFileReference; explicitFileType = wrapper.cfbundle; includeInIndex = 0; path = EDFeedTests.xctest; sourceTree = BUILT_PRODUCTS_DIR; };
		FAD791CD29646BB100901733 /* FeedLoader.swift */ = {isa = PBXFileReference; fileEncoding = 4; lastKnownFileType = sourcecode.swift; path = FeedLoader.swift; sourceTree = "<group>"; };
		FAD791CE29646BB100901733 /* FeedItem.swift */ = {isa = PBXFileReference; fileEncoding = 4; lastKnownFileType = sourcecode.swift; path = FeedItem.swift; sourceTree = "<group>"; };
		FAD791D32965C36E00901733 /* LoadFeedDataFromRemoteUseCaseTests.swift */ = {isa = PBXFileReference; lastKnownFileType = sourcecode.swift; path = LoadFeedDataFromRemoteUseCaseTests.swift; sourceTree = "<group>"; };
		FAD791D62967ADA100901733 /* RemoteFeedLoader.swift */ = {isa = PBXFileReference; lastKnownFileType = sourcecode.swift; path = RemoteFeedLoader.swift; sourceTree = "<group>"; };
		FAD791D82967ADAD00901733 /* HTTPClient.swift */ = {isa = PBXFileReference; lastKnownFileType = sourcecode.swift; path = HTTPClient.swift; sourceTree = "<group>"; };
/* End PBXFileReference section */

/* Begin PBXFrameworksBuildPhase section */
		FAA67FC92976A1D4002BAC6D /* Frameworks */ = {
			isa = PBXFrameworksBuildPhase;
			buildActionMask = 2147483647;
			files = (
			);
			runOnlyForDeploymentPostprocessing = 0;
		};
		FAAE986E296BFB8E005FECEE /* Frameworks */ = {
			isa = PBXFrameworksBuildPhase;
			buildActionMask = 2147483647;
			files = (
			);
			runOnlyForDeploymentPostprocessing = 0;
		};
		FAD791AF29646B7200901733 /* Frameworks */ = {
			isa = PBXFrameworksBuildPhase;
			buildActionMask = 2147483647;
			files = (
			);
			runOnlyForDeploymentPostprocessing = 0;
		};
		FAD791B729646B7200901733 /* Frameworks */ = {
			isa = PBXFrameworksBuildPhase;
			buildActionMask = 2147483647;
			files = (
				FAD791BB29646B7200901733 /* EDFeed.framework in Frameworks */,
			);
			runOnlyForDeploymentPostprocessing = 0;
		};
/* End PBXFrameworksBuildPhase section */

/* Begin PBXGroup section */
		FA293267296F0BF600B2F9D7 /* Feed Cache */ = {
			isa = PBXGroup;
			children = (
				FAA67FC729769ACB002BAC6D /* Codable */,
				FA70FD03297692C700B91288 /* CoreData */,
				FA293268296F0C0D00B2F9D7 /* LocalFeedLoader.swift */,
				FA29326A296F0C2000B2F9D7 /* FeedStore.swift */,
				FA29326E296F21FD00B2F9D7 /* LocalFeedImage.swift */,
				FA9A87592971630700CA2602 /* FeedCachePolicy.swift */,
			);
			path = "Feed Cache";
			sourceTree = "<group>";
		};
		FA70FD03297692C700B91288 /* CoreData */ = {
			isa = PBXGroup;
			children = (
				FA70FCFD2976819600B91288 /* CoreDataFeedStore.swift */,
				FA70FCFF2976929300B91288 /* ManagedCache.swift */,
				FA70FD01297692C000B91288 /* ManagedFeedImage.swift */,
				FA70FD052976930200B91288 /* FeedStore.xcdatamodeld */,
				FA70FD09297694F400B91288 /* CoreDataHelpers.swift */,
			);
			path = CoreData;
			sourceTree = "<group>";
		};
		FA96B384297022B6009578A0 /* Helpers */ = {
			isa = PBXGroup;
			children = (
				FA96B385297022CC009578A0 /* FeedStoreSpy.swift */,
				FA1949AC2970988B00609E2B /* FeedCacheTestHelpers.swift */,
				FA70FCF92975DBBA00B91288 /* XCTestCase+FeedStoreSpecs.swift */,
			);
			path = Helpers;
			sourceTree = "<group>";
		};
		FAA67FC729769ACB002BAC6D /* Codable */ = {
			isa = PBXGroup;
			children = (
				FA25C43B2971CFF700DFA9DF /* CodableFeedStore.swift */,
			);
			path = Codable;
			sourceTree = "<group>";
		};
		FAA67FCD2976A1D4002BAC6D /* EDFeedCacheIntegrationTests */ = {
			isa = PBXGroup;
			children = (
				FAA67FCE2976A1D4002BAC6D /* EDFeedCacheIntegrationTests.swift */,
			);
			path = EDFeedCacheIntegrationTests;
			sourceTree = "<group>";
		};
		FAAE98652969B9F4005FECEE /* Helpers */ = {
			isa = PBXGroup;
			children = (
				FAAE98622969B9DB005FECEE /* XCTestCase+MemoryLeakTracking.swift */,
				FAAE9869296BDE73005FECEE /* SharedTestHelpers.swift */,
			);
			path = Helpers;
			sourceTree = "<group>";
		};
		FAAE98662969C571005FECEE /* Feed API */ = {
			isa = PBXGroup;
			children = (
				FAAE9867296B10B4005FECEE /* URLSessionHTTPClientTests.swift */,
				FAD791D32965C36E00901733 /* LoadFeedDataFromRemoteUseCaseTests.swift */,
			);
			path = "Feed API";
			sourceTree = "<group>";
		};
		FAAE9872296BFB8E005FECEE /* EDFeedAPIEndToEndTests */ = {
			isa = PBXGroup;
			children = (
				FAAE9873296BFB8E005FECEE /* EDFeedAPIEndToEndTests.swift */,
			);
			path = EDFeedAPIEndToEndTests;
			sourceTree = "<group>";
		};
		FAC5517A296EE1E2008DDF26 /* Feed Cache */ = {
			isa = PBXGroup;
			children = (
				FA96B384297022B6009578A0 /* Helpers */,
				FAC5517B296EE202008DDF26 /* CacheFeedUseCaseTests.swift */,
				FA96B37F29702056009578A0 /* LoadFeedFromCacheUseCaseTests.swift */,
				FA96B387297070AE009578A0 /* ValidateCacheUseCaseTests.swift */,
				FA60802E29717F9300F22F9F /* CodableFeedStoreTests.swift */,
				FA70FCFB29767F0200B91288 /* CoreDataFeedStoreTests.swift */,
				FA70FCF72975DA3400B91288 /* FeedStoreSpecs.swift */,
			);
			path = "Feed Cache";
			sourceTree = "<group>";
		};
		FAD791A829646B7200901733 = {
			isa = PBXGroup;
			children = (
				FAD791B429646B7200901733 /* EDFeed */,
				FAD791BE29646B7200901733 /* EDFeedTests */,
				FAAE9872296BFB8E005FECEE /* EDFeedAPIEndToEndTests */,
				FAA67FCD2976A1D4002BAC6D /* EDFeedCacheIntegrationTests */,
				FAD791B329646B7200901733 /* Products */,
			);
			sourceTree = "<group>";
		};
		FAD791B329646B7200901733 /* Products */ = {
			isa = PBXGroup;
			children = (
				FAD791B229646B7200901733 /* EDFeed.framework */,
				FAD791BA29646B7200901733 /* EDFeedTests.xctest */,
				FAAE9871296BFB8E005FECEE /* EDFeedAPIEndToEndTests.xctest */,
				FAA67FCC2976A1D4002BAC6D /* EDFeedCacheIntegrationTests.xctest */,
			);
			name = Products;
			sourceTree = "<group>";
		};
		FAD791B429646B7200901733 /* EDFeed */ = {
			isa = PBXGroup;
			children = (
				FAD791B529646B7200901733 /* EDFeed.h */,
				FAD791D52967AD8B00901733 /* Feed API */,
				FA293267296F0BF600B2F9D7 /* Feed Cache */,
				FAD791CC29646BB000901733 /* Feed Feature */,
			);
			path = EDFeed;
			sourceTree = "<group>";
		};
		FAD791BE29646B7200901733 /* EDFeedTests */ = {
			isa = PBXGroup;
			children = (
				FAAE98652969B9F4005FECEE /* Helpers */,
				FAAE98662969C571005FECEE /* Feed API */,
				FAC5517A296EE1E2008DDF26 /* Feed Cache */,
			);
			path = EDFeedTests;
			sourceTree = "<group>";
		};
		FAD791CC29646BB000901733 /* Feed Feature */ = {
			isa = PBXGroup;
			children = (
				FAD791CE29646BB100901733 /* FeedItem.swift */,
				FAD791CD29646BB100901733 /* FeedLoader.swift */,
			);
			path = "Feed Feature";
			sourceTree = "<group>";
		};
		FAD791D52967AD8B00901733 /* Feed API */ = {
			isa = PBXGroup;
			children = (
				FAD791D62967ADA100901733 /* RemoteFeedLoader.swift */,
				FAD791D82967ADAD00901733 /* HTTPClient.swift */,
				FAAE98602969B587005FECEE /* FeedItemsMapper.swift */,
				FAAE986B296BEF75005FECEE /* URLSessionHTTPClient.swift */,
				FA29326C296F21A200B2F9D7 /* RemoteFeedItem.swift */,
			);
			path = "Feed API";
			sourceTree = "<group>";
		};
/* End PBXGroup section */

/* Begin PBXHeadersBuildPhase section */
		FAD791AD29646B7200901733 /* Headers */ = {
			isa = PBXHeadersBuildPhase;
			buildActionMask = 2147483647;
			files = (
				FAD791C129646B7200901733 /* EDFeed.h in Headers */,
			);
			runOnlyForDeploymentPostprocessing = 0;
		};
/* End PBXHeadersBuildPhase section */

/* Begin PBXNativeTarget section */
		FAA67FCB2976A1D4002BAC6D /* EDFeedCacheIntegrationTests */ = {
			isa = PBXNativeTarget;
			buildConfigurationList = FAA67FD02976A1D4002BAC6D /* Build configuration list for PBXNativeTarget "EDFeedCacheIntegrationTests" */;
			buildPhases = (
				FAA67FC82976A1D4002BAC6D /* Sources */,
				FAA67FC92976A1D4002BAC6D /* Frameworks */,
				FAA67FCA2976A1D4002BAC6D /* Resources */,
			);
			buildRules = (
			);
			dependencies = (
			);
			name = EDFeedCacheIntegrationTests;
			productName = EssentialFeedCacheIntegrationTests;
			productReference = FAA67FCC2976A1D4002BAC6D /* EDFeedCacheIntegrationTests.xctest */;
			productType = "com.apple.product-type.bundle.unit-test";
		};
		FAAE9870296BFB8E005FECEE /* EDFeedAPIEndToEndTests */ = {
			isa = PBXNativeTarget;
			buildConfigurationList = FAAE9875296BFB8E005FECEE /* Build configuration list for PBXNativeTarget "EDFeedAPIEndToEndTests" */;
			buildPhases = (
				FAAE986D296BFB8E005FECEE /* Sources */,
				FAAE986E296BFB8E005FECEE /* Frameworks */,
				FAAE986F296BFB8E005FECEE /* Resources */,
			);
			buildRules = (
			);
			dependencies = (
			);
			name = EDFeedAPIEndToEndTests;
			productName = EDFeedEndToEndTests;
			productReference = FAAE9871296BFB8E005FECEE /* EDFeedAPIEndToEndTests.xctest */;
			productType = "com.apple.product-type.bundle.unit-test";
		};
		FAD791B129646B7200901733 /* EDFeed */ = {
			isa = PBXNativeTarget;
			buildConfigurationList = FAD791C429646B7200901733 /* Build configuration list for PBXNativeTarget "EDFeed" */;
			buildPhases = (
				FAD791AD29646B7200901733 /* Headers */,
				FAD791AE29646B7200901733 /* Sources */,
				FAD791AF29646B7200901733 /* Frameworks */,
				FAD791B029646B7200901733 /* Resources */,
			);
			buildRules = (
			);
			dependencies = (
			);
			name = EDFeed;
			productName = EDFeed;
			productReference = FAD791B229646B7200901733 /* EDFeed.framework */;
			productType = "com.apple.product-type.framework";
		};
		FAD791B929646B7200901733 /* EDFeedTests */ = {
			isa = PBXNativeTarget;
			buildConfigurationList = FAD791C729646B7200901733 /* Build configuration list for PBXNativeTarget "EDFeedTests" */;
			buildPhases = (
				FAD791B629646B7200901733 /* Sources */,
				FAD791B729646B7200901733 /* Frameworks */,
				FAD791B829646B7200901733 /* Resources */,
			);
			buildRules = (
			);
			dependencies = (
				FAD791BD29646B7200901733 /* PBXTargetDependency */,
			);
			name = EDFeedTests;
			productName = EDFeedTests;
			productReference = FAD791BA29646B7200901733 /* EDFeedTests.xctest */;
			productType = "com.apple.product-type.bundle.unit-test";
		};
/* End PBXNativeTarget section */

/* Begin PBXProject section */
		FAD791A929646B7200901733 /* Project object */ = {
			isa = PBXProject;
			attributes = {
				BuildIndependentTargetsInParallel = 1;
				LastSwiftUpdateCheck = 1400;
				LastUpgradeCheck = 1400;
				TargetAttributes = {
					FAA67FCB2976A1D4002BAC6D = {
						CreatedOnToolsVersion = 14.0.1;
					};
					FAAE9870296BFB8E005FECEE = {
						CreatedOnToolsVersion = 14.0.1;
					};
					FAD791B129646B7200901733 = {
						CreatedOnToolsVersion = 14.0.1;
						LastSwiftMigration = 1400;
					};
					FAD791B929646B7200901733 = {
						CreatedOnToolsVersion = 14.0.1;
					};
				};
			};
			buildConfigurationList = FAD791AC29646B7200901733 /* Build configuration list for PBXProject "EDFeed" */;
			compatibilityVersion = "Xcode 14.0";
			developmentRegion = en;
			hasScannedForEncodings = 0;
			knownRegions = (
				en,
				Base,
			);
			mainGroup = FAD791A829646B7200901733;
			productRefGroup = FAD791B329646B7200901733 /* Products */;
			projectDirPath = "";
			projectRoot = "";
			targets = (
				FAD791B129646B7200901733 /* EDFeed */,
				FAD791B929646B7200901733 /* EDFeedTests */,
				FAAE9870296BFB8E005FECEE /* EDFeedAPIEndToEndTests */,
				FAA67FCB2976A1D4002BAC6D /* EDFeedCacheIntegrationTests */,
			);
		};
/* End PBXProject section */

/* Begin PBXResourcesBuildPhase section */
		FAA67FCA2976A1D4002BAC6D /* Resources */ = {
			isa = PBXResourcesBuildPhase;
			buildActionMask = 2147483647;
			files = (
			);
			runOnlyForDeploymentPostprocessing = 0;
		};
		FAAE986F296BFB8E005FECEE /* Resources */ = {
			isa = PBXResourcesBuildPhase;
			buildActionMask = 2147483647;
			files = (
			);
			runOnlyForDeploymentPostprocessing = 0;
		};
		FAD791B029646B7200901733 /* Resources */ = {
			isa = PBXResourcesBuildPhase;
			buildActionMask = 2147483647;
			files = (
			);
			runOnlyForDeploymentPostprocessing = 0;
		};
		FAD791B829646B7200901733 /* Resources */ = {
			isa = PBXResourcesBuildPhase;
			buildActionMask = 2147483647;
			files = (
			);
			runOnlyForDeploymentPostprocessing = 0;
		};
/* End PBXResourcesBuildPhase section */

/* Begin PBXSourcesBuildPhase section */
		FAA67FC82976A1D4002BAC6D /* Sources */ = {
			isa = PBXSourcesBuildPhase;
			buildActionMask = 2147483647;
			files = (
				FAA67FCF2976A1D4002BAC6D /* EDFeedCacheIntegrationTests.swift in Sources */,
			);
			runOnlyForDeploymentPostprocessing = 0;
		};
		FAAE986D296BFB8E005FECEE /* Sources */ = {
			isa = PBXSourcesBuildPhase;
			buildActionMask = 2147483647;
			files = (
				FAAE9874296BFB8E005FECEE /* EDFeedAPIEndToEndTests.swift in Sources */,
				FAAE9878296C04E6005FECEE /* XCTestCase+MemoryLeakTracking.swift in Sources */,
			);
			runOnlyForDeploymentPostprocessing = 0;
		};
		FAD791AE29646B7200901733 /* Sources */ = {
			isa = PBXSourcesBuildPhase;
			buildActionMask = 2147483647;
			files = (
				FA70FD02297692C000B91288 /* ManagedFeedImage.swift in Sources */,
				FAAE98612969B587005FECEE /* FeedItemsMapper.swift in Sources */,
				FAD791CF29646BB100901733 /* FeedLoader.swift in Sources */,
				FA70FD002976929300B91288 /* ManagedCache.swift in Sources */,
				FA29326D296F21A200B2F9D7 /* RemoteFeedItem.swift in Sources */,
				FA9A875A2971630700CA2602 /* FeedCachePolicy.swift in Sources */,
				FAD791D72967ADA100901733 /* RemoteFeedLoader.swift in Sources */,
				FA70FD0A297694F400B91288 /* CoreDataHelpers.swift in Sources */,
				FA29326F296F21FD00B2F9D7 /* LocalFeedImage.swift in Sources */,
				FA29326B296F0C2000B2F9D7 /* FeedStore.swift in Sources */,
				FA293269296F0C0D00B2F9D7 /* LocalFeedLoader.swift in Sources */,
				FA25C43C2971CFF700DFA9DF /* CodableFeedStore.swift in Sources */,
				FAD791D92967ADAD00901733 /* HTTPClient.swift in Sources */,
				FAD791D029646BB100901733 /* FeedItem.swift in Sources */,
				FAAE986C296BEF75005FECEE /* URLSessionHTTPClient.swift in Sources */,
				FA70FCFE2976819600B91288 /* CoreDataFeedStore.swift in Sources */,
				FA70FD082976930200B91288 /* FeedStore.xcdatamodeld in Sources */,
			);
			runOnlyForDeploymentPostprocessing = 0;
		};
		FAD791B629646B7200901733 /* Sources */ = {
			isa = PBXSourcesBuildPhase;
			buildActionMask = 2147483647;
			files = (
				FA60802F29717F9300F22F9F /* CodableFeedStoreTests.swift in Sources */,
				FA70FCFC29767F0200B91288 /* CoreDataFeedStoreTests.swift in Sources */,
				FAAE986A296BDE73005FECEE /* SharedTestHelpers.swift in Sources */,
				FAD791D42965C36E00901733 /* LoadFeedDataFromRemoteUseCaseTests.swift in Sources */,
				FAAE9868296B10B4005FECEE /* URLSessionHTTPClientTests.swift in Sources */,
				FAC5517C296EE202008DDF26 /* CacheFeedUseCaseTests.swift in Sources */,
				FA1949AD2970988B00609E2B /* FeedCacheTestHelpers.swift in Sources */,
				FA96B388297070AE009578A0 /* ValidateCacheUseCaseTests.swift in Sources */,
				FA96B386297022CC009578A0 /* FeedStoreSpy.swift in Sources */,
				FA96B38029702056009578A0 /* LoadFeedFromCacheUseCaseTests.swift in Sources */,
				FA70FCF82975DA3400B91288 /* FeedStoreSpecs.swift in Sources */,
				FAAE98642969B9F0005FECEE /* XCTestCase+MemoryLeakTracking.swift in Sources */,
				FA70FCFA2975DBBA00B91288 /* XCTestCase+FeedStoreSpecs.swift in Sources */,
			);
			runOnlyForDeploymentPostprocessing = 0;
		};
/* End PBXSourcesBuildPhase section */

/* Begin PBXTargetDependency section */
		FAD791BD29646B7200901733 /* PBXTargetDependency */ = {
			isa = PBXTargetDependency;
			target = FAD791B129646B7200901733 /* EDFeed */;
			targetProxy = FAD791BC29646B7200901733 /* PBXContainerItemProxy */;
		};
/* End PBXTargetDependency section */

/* Begin XCBuildConfiguration section */
		FAA67FD12976A1D4002BAC6D /* Debug */ = {
			isa = XCBuildConfiguration;
			buildSettings = {
				CODE_SIGN_STYLE = Automatic;
				CURRENT_PROJECT_VERSION = 1;
				DEVELOPMENT_TEAM = QN9H6D325T;
				GENERATE_INFOPLIST_FILE = YES;
				MACOSX_DEPLOYMENT_TARGET = 12.3;
				MARKETING_VERSION = 1.0;
				PRODUCT_BUNDLE_IDENTIFIER = com.alexeykoleda.EssentialFeedCacheIntegrationTests;
				PRODUCT_NAME = "$(TARGET_NAME)";
				SDKROOT = macosx;
				SUPPORTED_PLATFORMS = "iphoneos iphonesimulator";
				SUPPORTS_MACCATALYST = YES;
				SUPPORTS_MAC_DESIGNED_FOR_IPHONE_IPAD = YES;
				SWIFT_EMIT_LOC_STRINGS = NO;
				SWIFT_VERSION = 5.0;
				TARGETED_DEVICE_FAMILY = 2;
			};
			name = Debug;
		};
		FAA67FD22976A1D4002BAC6D /* Release */ = {
			isa = XCBuildConfiguration;
			buildSettings = {
				CODE_SIGN_STYLE = Automatic;
				CURRENT_PROJECT_VERSION = 1;
				DEVELOPMENT_TEAM = QN9H6D325T;
				GENERATE_INFOPLIST_FILE = YES;
				MACOSX_DEPLOYMENT_TARGET = 12.3;
				MARKETING_VERSION = 1.0;
				PRODUCT_BUNDLE_IDENTIFIER = com.alexeykoleda.EssentialFeedCacheIntegrationTests;
				PRODUCT_NAME = "$(TARGET_NAME)";
				SDKROOT = macosx;
				SUPPORTED_PLATFORMS = "iphoneos iphonesimulator";
				SUPPORTS_MACCATALYST = YES;
				SUPPORTS_MAC_DESIGNED_FOR_IPHONE_IPAD = YES;
				SWIFT_EMIT_LOC_STRINGS = NO;
				SWIFT_VERSION = 5.0;
				TARGETED_DEVICE_FAMILY = 2;
			};
			name = Release;
		};
		FAAE9876296BFB8E005FECEE /* Debug */ = {
			isa = XCBuildConfiguration;
			buildSettings = {
				CODE_SIGN_STYLE = Automatic;
				CURRENT_PROJECT_VERSION = 1;
				DEVELOPMENT_TEAM = QN9H6D325T;
				GENERATE_INFOPLIST_FILE = YES;
				MACOSX_DEPLOYMENT_TARGET = 12.3;
				MARKETING_VERSION = 1.0;
				PRODUCT_BUNDLE_IDENTIFIER = com.alexeykoleda.EDFeedEndToEndTests;
				PRODUCT_NAME = "$(TARGET_NAME)";
				SDKROOT = macosx;
				SUPPORTED_PLATFORMS = "iphoneos iphonesimulator";
				SUPPORTS_MACCATALYST = YES;
				SUPPORTS_MAC_DESIGNED_FOR_IPHONE_IPAD = YES;
				SWIFT_EMIT_LOC_STRINGS = NO;
				SWIFT_VERSION = 5.0;
				TARGETED_DEVICE_FAMILY = "1,2";
			};
			name = Debug;
		};
		FAAE9877296BFB8E005FECEE /* Release */ = {
			isa = XCBuildConfiguration;
			buildSettings = {
				CODE_SIGN_STYLE = Automatic;
				CURRENT_PROJECT_VERSION = 1;
				DEVELOPMENT_TEAM = QN9H6D325T;
				GENERATE_INFOPLIST_FILE = YES;
				MACOSX_DEPLOYMENT_TARGET = 12.3;
				MARKETING_VERSION = 1.0;
				PRODUCT_BUNDLE_IDENTIFIER = com.alexeykoleda.EDFeedEndToEndTests;
				PRODUCT_NAME = "$(TARGET_NAME)";
				SDKROOT = macosx;
				SUPPORTED_PLATFORMS = "iphoneos iphonesimulator";
				SUPPORTS_MACCATALYST = YES;
				SUPPORTS_MAC_DESIGNED_FOR_IPHONE_IPAD = YES;
				SWIFT_EMIT_LOC_STRINGS = NO;
				SWIFT_VERSION = 5.0;
				TARGETED_DEVICE_FAMILY = "1,2";
			};
			name = Release;
		};
		FAD791C229646B7200901733 /* Debug */ = {
			isa = XCBuildConfiguration;
			buildSettings = {
				ALWAYS_SEARCH_USER_PATHS = NO;
				CLANG_ANALYZER_NONNULL = YES;
				CLANG_ANALYZER_NUMBER_OBJECT_CONVERSION = YES_AGGRESSIVE;
				CLANG_CXX_LANGUAGE_STANDARD = "gnu++20";
				CLANG_ENABLE_MODULES = YES;
				CLANG_ENABLE_OBJC_ARC = YES;
				CLANG_ENABLE_OBJC_WEAK = YES;
				CLANG_WARN_BLOCK_CAPTURE_AUTORELEASING = YES;
				CLANG_WARN_BOOL_CONVERSION = YES;
				CLANG_WARN_COMMA = YES;
				CLANG_WARN_CONSTANT_CONVERSION = YES;
				CLANG_WARN_DEPRECATED_OBJC_IMPLEMENTATIONS = YES;
				CLANG_WARN_DIRECT_OBJC_ISA_USAGE = YES_ERROR;
				CLANG_WARN_DOCUMENTATION_COMMENTS = YES;
				CLANG_WARN_EMPTY_BODY = YES;
				CLANG_WARN_ENUM_CONVERSION = YES;
				CLANG_WARN_INFINITE_RECURSION = YES;
				CLANG_WARN_INT_CONVERSION = YES;
				CLANG_WARN_NON_LITERAL_NULL_CONVERSION = YES;
				CLANG_WARN_OBJC_IMPLICIT_RETAIN_SELF = YES;
				CLANG_WARN_OBJC_LITERAL_CONVERSION = YES;
				CLANG_WARN_OBJC_ROOT_CLASS = YES_ERROR;
				CLANG_WARN_QUOTED_INCLUDE_IN_FRAMEWORK_HEADER = YES;
				CLANG_WARN_RANGE_LOOP_ANALYSIS = YES;
				CLANG_WARN_STRICT_PROTOTYPES = YES;
				CLANG_WARN_SUSPICIOUS_MOVE = YES;
				CLANG_WARN_UNGUARDED_AVAILABILITY = YES_AGGRESSIVE;
				CLANG_WARN_UNREACHABLE_CODE = YES;
				CLANG_WARN__DUPLICATE_METHOD_MATCH = YES;
				COPY_PHASE_STRIP = NO;
				CURRENT_PROJECT_VERSION = 1;
				DEBUG_INFORMATION_FORMAT = dwarf;
				ENABLE_STRICT_OBJC_MSGSEND = YES;
				ENABLE_TESTABILITY = YES;
				GCC_C_LANGUAGE_STANDARD = gnu11;
				GCC_DYNAMIC_NO_PIC = NO;
				GCC_NO_COMMON_BLOCKS = YES;
				GCC_OPTIMIZATION_LEVEL = 0;
				GCC_PREPROCESSOR_DEFINITIONS = (
					"DEBUG=1",
					"$(inherited)",
				);
				GCC_WARN_64_TO_32_BIT_CONVERSION = YES;
				GCC_WARN_ABOUT_RETURN_TYPE = YES_ERROR;
				GCC_WARN_UNDECLARED_SELECTOR = YES;
				GCC_WARN_UNINITIALIZED_AUTOS = YES_AGGRESSIVE;
				GCC_WARN_UNUSED_FUNCTION = YES;
				GCC_WARN_UNUSED_VARIABLE = YES;
				IPHONEOS_DEPLOYMENT_TARGET = 16.0;
				MTL_ENABLE_DEBUG_INFO = INCLUDE_SOURCE;
				MTL_FAST_MATH = YES;
				ONLY_ACTIVE_ARCH = YES;
				SDKROOT = iphoneos;
				SWIFT_ACTIVE_COMPILATION_CONDITIONS = DEBUG;
				SWIFT_OPTIMIZATION_LEVEL = "-Onone";
				VERSIONING_SYSTEM = "apple-generic";
				VERSION_INFO_PREFIX = "";
			};
			name = Debug;
		};
		FAD791C329646B7200901733 /* Release */ = {
			isa = XCBuildConfiguration;
			buildSettings = {
				ALWAYS_SEARCH_USER_PATHS = NO;
				CLANG_ANALYZER_NONNULL = YES;
				CLANG_ANALYZER_NUMBER_OBJECT_CONVERSION = YES_AGGRESSIVE;
				CLANG_CXX_LANGUAGE_STANDARD = "gnu++20";
				CLANG_ENABLE_MODULES = YES;
				CLANG_ENABLE_OBJC_ARC = YES;
				CLANG_ENABLE_OBJC_WEAK = YES;
				CLANG_WARN_BLOCK_CAPTURE_AUTORELEASING = YES;
				CLANG_WARN_BOOL_CONVERSION = YES;
				CLANG_WARN_COMMA = YES;
				CLANG_WARN_CONSTANT_CONVERSION = YES;
				CLANG_WARN_DEPRECATED_OBJC_IMPLEMENTATIONS = YES;
				CLANG_WARN_DIRECT_OBJC_ISA_USAGE = YES_ERROR;
				CLANG_WARN_DOCUMENTATION_COMMENTS = YES;
				CLANG_WARN_EMPTY_BODY = YES;
				CLANG_WARN_ENUM_CONVERSION = YES;
				CLANG_WARN_INFINITE_RECURSION = YES;
				CLANG_WARN_INT_CONVERSION = YES;
				CLANG_WARN_NON_LITERAL_NULL_CONVERSION = YES;
				CLANG_WARN_OBJC_IMPLICIT_RETAIN_SELF = YES;
				CLANG_WARN_OBJC_LITERAL_CONVERSION = YES;
				CLANG_WARN_OBJC_ROOT_CLASS = YES_ERROR;
				CLANG_WARN_QUOTED_INCLUDE_IN_FRAMEWORK_HEADER = YES;
				CLANG_WARN_RANGE_LOOP_ANALYSIS = YES;
				CLANG_WARN_STRICT_PROTOTYPES = YES;
				CLANG_WARN_SUSPICIOUS_MOVE = YES;
				CLANG_WARN_UNGUARDED_AVAILABILITY = YES_AGGRESSIVE;
				CLANG_WARN_UNREACHABLE_CODE = YES;
				CLANG_WARN__DUPLICATE_METHOD_MATCH = YES;
				COPY_PHASE_STRIP = NO;
				CURRENT_PROJECT_VERSION = 1;
				DEBUG_INFORMATION_FORMAT = "dwarf-with-dsym";
				ENABLE_NS_ASSERTIONS = NO;
				ENABLE_STRICT_OBJC_MSGSEND = YES;
				GCC_C_LANGUAGE_STANDARD = gnu11;
				GCC_NO_COMMON_BLOCKS = YES;
				GCC_WARN_64_TO_32_BIT_CONVERSION = YES;
				GCC_WARN_ABOUT_RETURN_TYPE = YES_ERROR;
				GCC_WARN_UNDECLARED_SELECTOR = YES;
				GCC_WARN_UNINITIALIZED_AUTOS = YES_AGGRESSIVE;
				GCC_WARN_UNUSED_FUNCTION = YES;
				GCC_WARN_UNUSED_VARIABLE = YES;
				IPHONEOS_DEPLOYMENT_TARGET = 16.0;
				MTL_ENABLE_DEBUG_INFO = NO;
				MTL_FAST_MATH = YES;
				SDKROOT = iphoneos;
				SWIFT_COMPILATION_MODE = wholemodule;
				SWIFT_OPTIMIZATION_LEVEL = "-O";
				VALIDATE_PRODUCT = YES;
				VERSIONING_SYSTEM = "apple-generic";
				VERSION_INFO_PREFIX = "";
			};
			name = Release;
		};
		FAD791C529646B7200901733 /* Debug */ = {
			isa = XCBuildConfiguration;
			buildSettings = {
				CLANG_ENABLE_MODULES = YES;
				CODE_SIGN_STYLE = Automatic;
				CURRENT_PROJECT_VERSION = 1;
				DEFINES_MODULE = YES;
				DEVELOPMENT_TEAM = QN9H6D325T;
				DYLIB_COMPATIBILITY_VERSION = 1;
				DYLIB_CURRENT_VERSION = 1;
				DYLIB_INSTALL_NAME_BASE = "@rpath";
				GENERATE_INFOPLIST_FILE = YES;
				INFOPLIST_KEY_NSHumanReadableCopyright = "";
				INSTALL_PATH = "$(LOCAL_LIBRARY_DIR)/Frameworks";
				LD_RUNPATH_SEARCH_PATHS = (
					"$(inherited)",
					"@executable_path/Frameworks",
					"@loader_path/Frameworks",
				);
				MARKETING_VERSION = 1.0;
				PRODUCT_BUNDLE_IDENTIFIER = com.alexeykoleda.EDFeed;
				PRODUCT_NAME = "$(TARGET_NAME:c99extidentifier)";
				SKIP_INSTALL = YES;
				SWIFT_EMIT_LOC_STRINGS = YES;
				SWIFT_OPTIMIZATION_LEVEL = "-Onone";
				SWIFT_VERSION = 5.0;
				TARGETED_DEVICE_FAMILY = "1,2";
			};
			name = Debug;
		};
		FAD791C629646B7200901733 /* Release */ = {
			isa = XCBuildConfiguration;
			buildSettings = {
				CLANG_ENABLE_MODULES = YES;
				CODE_SIGN_STYLE = Automatic;
				CURRENT_PROJECT_VERSION = 1;
				DEFINES_MODULE = YES;
				DEVELOPMENT_TEAM = QN9H6D325T;
				DYLIB_COMPATIBILITY_VERSION = 1;
				DYLIB_CURRENT_VERSION = 1;
				DYLIB_INSTALL_NAME_BASE = "@rpath";
				GENERATE_INFOPLIST_FILE = YES;
				INFOPLIST_KEY_NSHumanReadableCopyright = "";
				INSTALL_PATH = "$(LOCAL_LIBRARY_DIR)/Frameworks";
				LD_RUNPATH_SEARCH_PATHS = (
					"$(inherited)",
					"@executable_path/Frameworks",
					"@loader_path/Frameworks",
				);
				MARKETING_VERSION = 1.0;
				PRODUCT_BUNDLE_IDENTIFIER = com.alexeykoleda.EDFeed;
				PRODUCT_NAME = "$(TARGET_NAME:c99extidentifier)";
				SKIP_INSTALL = YES;
				SWIFT_EMIT_LOC_STRINGS = YES;
				SWIFT_VERSION = 5.0;
				TARGETED_DEVICE_FAMILY = "1,2";
			};
			name = Release;
		};
		FAD791C829646B7200901733 /* Debug */ = {
			isa = XCBuildConfiguration;
			buildSettings = {
				ALWAYS_EMBED_SWIFT_STANDARD_LIBRARIES = YES;
				CODE_SIGN_STYLE = Automatic;
				CURRENT_PROJECT_VERSION = 1;
				DEVELOPMENT_TEAM = QN9H6D325T;
				GENERATE_INFOPLIST_FILE = YES;
				MARKETING_VERSION = 1.0;
				PRODUCT_BUNDLE_IDENTIFIER = com.alexeykoleda.EDFeedTests;
				PRODUCT_NAME = "$(TARGET_NAME)";
				SWIFT_EMIT_LOC_STRINGS = NO;
				SWIFT_VERSION = 5.0;
				TARGETED_DEVICE_FAMILY = "1,2";
			};
			name = Debug;
		};
		FAD791C929646B7200901733 /* Release */ = {
			isa = XCBuildConfiguration;
			buildSettings = {
				ALWAYS_EMBED_SWIFT_STANDARD_LIBRARIES = YES;
				CODE_SIGN_STYLE = Automatic;
				CURRENT_PROJECT_VERSION = 1;
				DEVELOPMENT_TEAM = QN9H6D325T;
				GENERATE_INFOPLIST_FILE = YES;
				MARKETING_VERSION = 1.0;
				PRODUCT_BUNDLE_IDENTIFIER = com.alexeykoleda.EDFeedTests;
				PRODUCT_NAME = "$(TARGET_NAME)";
				SWIFT_EMIT_LOC_STRINGS = NO;
				SWIFT_VERSION = 5.0;
				TARGETED_DEVICE_FAMILY = "1,2";
			};
			name = Release;
		};
/* End XCBuildConfiguration section */

/* Begin XCConfigurationList section */
		FAA67FD02976A1D4002BAC6D /* Build configuration list for PBXNativeTarget "EDFeedCacheIntegrationTests" */ = {
			isa = XCConfigurationList;
			buildConfigurations = (
				FAA67FD12976A1D4002BAC6D /* Debug */,
				FAA67FD22976A1D4002BAC6D /* Release */,
			);
			defaultConfigurationIsVisible = 0;
			defaultConfigurationName = Release;
		};
		FAAE9875296BFB8E005FECEE /* Build configuration list for PBXNativeTarget "EDFeedAPIEndToEndTests" */ = {
			isa = XCConfigurationList;
			buildConfigurations = (
				FAAE9876296BFB8E005FECEE /* Debug */,
				FAAE9877296BFB8E005FECEE /* Release */,
			);
			defaultConfigurationIsVisible = 0;
			defaultConfigurationName = Release;
		};
		FAD791AC29646B7200901733 /* Build configuration list for PBXProject "EDFeed" */ = {
			isa = XCConfigurationList;
			buildConfigurations = (
				FAD791C229646B7200901733 /* Debug */,
				FAD791C329646B7200901733 /* Release */,
			);
			defaultConfigurationIsVisible = 0;
			defaultConfigurationName = Release;
		};
		FAD791C429646B7200901733 /* Build configuration list for PBXNativeTarget "EDFeed" */ = {
			isa = XCConfigurationList;
			buildConfigurations = (
				FAD791C529646B7200901733 /* Debug */,
				FAD791C629646B7200901733 /* Release */,
			);
			defaultConfigurationIsVisible = 0;
			defaultConfigurationName = Release;
		};
		FAD791C729646B7200901733 /* Build configuration list for PBXNativeTarget "EDFeedTests" */ = {
			isa = XCConfigurationList;
			buildConfigurations = (
				FAD791C829646B7200901733 /* Debug */,
				FAD791C929646B7200901733 /* Release */,
			);
			defaultConfigurationIsVisible = 0;
			defaultConfigurationName = Release;
		};
/* End XCConfigurationList section */

/* Begin XCVersionGroup section */
		FA70FD052976930200B91288 /* FeedStore.xcdatamodeld */ = {
			isa = XCVersionGroup;
			children = (
				FA70FD062976930200B91288 /* FeedStore 2.xcdatamodel */,
				FA70FD072976930200B91288 /* FeedStore.xcdatamodel */,
			);
			currentVersion = FA70FD062976930200B91288 /* FeedStore 2.xcdatamodel */;
			path = FeedStore.xcdatamodeld;
			sourceTree = "<group>";
			versionGroupType = wrapper.xcdatamodel;
		};
/* End XCVersionGroup section */
	};
	rootObject = FAD791A929646B7200901733 /* Project object */;
}
